
Microsoft Visual Studio Solution File, Format Version 12.00
# Visual Studio Version 17
VisualStudioVersion = 17.9.34622.214
MinimumVisualStudioVersion = 10.0.40219.1
Project("{2150E333-8FDC-42A3-9474-1A3956D46DE8}") = "Services", "Services", "{2B3FEF9D-3043-456D-A6BB-552E705498AB}"
EndProject
Project("{2150E333-8FDC-42A3-9474-1A3956D46DE8}") = "Catalog", "Catalog", "{8BFA8360-87B1-47CB-B8A0-3889F56A2B7C}"
EndProject
Project("{9A19103F-16F7-4668-BE54-9A1E7A4F7556}") = "Catalog.API", "Services\Catalog\Catalog.API\Catalog.API.csproj", "{1DF956FA-478E-406F-80E3-7C3445BCECFE}"
EndProject
Project("{2150E333-8FDC-42A3-9474-1A3956D46DE8}") = "BuildingBlocks", "BuildingBlocks", "{1E7C7A89-FE92-414A-B743-B4E71E516E9A}"
EndProject
Project("{9A19103F-16F7-4668-BE54-9A1E7A4F7556}") = "BuildingBlocks", "BuildingBlocks\BuildingBlocks\BuildingBlocks.csproj", "{7C666AAA-4902-4FE3-A0DC-C6BD0DC2454B}"
EndProject
Project("{E53339B2-1760-4266-BCC7-CA923CBCF16C}") = "docker-compose", "docker-compose.dcproj", "{4267E137-90CB-4926-88CE-A77A8BF33788}"
EndProject
Global
	GlobalSection(SolutionConfigurationPlatforms) = preSolution
		Debug|Any CPU = Debug|Any CPU
		Release|Any CPU = Release|Any CPU
	EndGlobalSection
	GlobalSection(ProjectConfigurationPlatforms) = postSolution
		{1DF956FA-478E-406F-80E3-7C3445BCECFE}.Debug|Any CPU.ActiveCfg = Debug|Any CPU
		{1DF956FA-478E-406F-80E3-7C3445BCECFE}.Debug|Any CPU.Build.0 = Debug|Any CPU
		{1DF956FA-478E-406F-80E3-7C3445BCECFE}.Release|Any CPU.ActiveCfg = Release|Any CPU
		{1DF956FA-478E-406F-80E3-7C3445BCECFE}.Release|Any CPU.Build.0 = Release|Any CPU
		{7C666AAA-4902-4FE3-A0DC-C6BD0DC2454B}.Debug|Any CPU.ActiveCfg = Debug|Any CPU
		{7C666AAA-4902-4FE3-A0DC-C6BD0DC2454B}.Debug|Any CPU.Build.0 = Debug|Any CPU
		{7C666AAA-4902-4FE3-A0DC-C6BD0DC2454B}.Release|Any CPU.ActiveCfg = Release|Any CPU
		{7C666AAA-4902-4FE3-A0DC-C6BD0DC2454B}.Release|Any CPU.Build.0 = Release|Any CPU
		{4267E137-90CB-4926-88CE-A77A8BF33788}.Debug|Any CPU.ActiveCfg = Debug|Any CPU
		{4267E137-90CB-4926-88CE-A77A8BF33788}.Debug|Any CPU.Build.0 = Debug|Any CPU
		{4267E137-90CB-4926-88CE-A77A8BF33788}.Release|Any CPU.ActiveCfg = Release|Any CPU
		{4267E137-90CB-4926-88CE-A77A8BF33788}.Release|Any CPU.Build.0 = Release|Any CPU
	EndGlobalSection
	GlobalSection(SolutionProperties) = preSolution
		HideSolutionNode = FALSE
	EndGlobalSection
	GlobalSection(NestedProjects) = preSolution
		{8BFA8360-87B1-47CB-B8A0-3889F56A2B7C} = {2B3FEF9D-3043-456D-A6BB-552E705498AB}
		{1DF956FA-478E-406F-80E3-7C3445BCECFE} = {8BFA8360-87B1-47CB-B8A0-3889F56A2B7C}
		{7C666AAA-4902-4FE3-A0DC-C6BD0DC2454B} = {1E7C7A89-FE92-414A-B743-B4E71E516E9A}
	EndGlobalSection
	GlobalSection(ExtensibilityGlobals) = postSolution
		SolutionGuid = {22B68151-F615-45F7-B667-F645CDFD5C7A}
	EndGlobalSection
EndGlobal
