
Microsoft Visual Studio Solution File, Format Version 12.00
# Visual Studio Version 17
VisualStudioVersion = 17.9.34622.214
MinimumVisualStudioVersion = 10.0.40219.1
Project("{2150E333-8FDC-42A3-9474-1A3956D46DE8}") = "Services", "Services", "{2B3FEF9D-3043-456D-A6BB-552E705498AB}"
EndProject
Project("{2150E333-8FDC-42A3-9474-1A3956D46DE8}") = "Catalog", "Catalog", "{8BFA8360-87B1-47CB-B8A0-3889F56A2B7C}"
EndProject
Project("{9A19103F-16F7-4668-BE54-9A1E7A4F7556}") = "Catalog.API", "Services\Catalog\Catalog.API\Catalog.API.csproj", "{1DF956FA-478E-406F-80E3-7C3445BCECFE}"
EndProject
Project("{2150E333-8FDC-42A3-9474-1A3956D46DE8}") = "BuildingBlocks", "BuildingBlocks", "{1E7C7A89-FE92-414A-B743-B4E71E516E9A}"
EndProject
Project("{9A19103F-16F7-4668-BE54-9A1E7A4F7556}") = "BuildingBlocks", "BuildingBlocks\BuildingBlocks\BuildingBlocks.csproj", "{7C666AAA-4902-4FE3-A0DC-C6BD0DC2454B}"
EndProject
Project("{2150E333-8FDC-42A3-9474-1A3956D46DE8}") = "Basket", "Basket", "{80A96499-262C-4381-824C-058CD86F71FD}"
EndProject
Project("{9A19103F-16F7-4668-BE54-9A1E7A4F7556}") = "Basket.API", "Services\Basket\Basket.API\Basket.API.csproj", "{3230EC0D-BB87-45B8-8D3C-32081BDD7913}"
EndProject
Project("{2150E333-8FDC-42A3-9474-1A3956D46DE8}") = "Discount", "Discount", "{31A586F6-90B9-49E4-9500-DA5BEC41BE45}"
EndProject
Project("{9A19103F-16F7-4668-BE54-9A1E7A4F7556}") = "Discount.Grpc", "Services\Discount\Discount.Grpc\Discount.Grpc.csproj", "{6C48662A-32A2-4C11-8718-C9C641430B49}"
EndProject
Project("{2150E333-8FDC-42A3-9474-1A3956D46DE8}") = "Ordering", "Ordering", "{D346A173-AF65-47D3-B861-96DB0CBCC52D}"
EndProject
Project("{9A19103F-16F7-4668-BE54-9A1E7A4F7556}") = "Ordering.API", "Services\Ordering\Ordering.API\Ordering.API.csproj", "{5E2C650F-5804-4F54-927B-B788E74DCCBF}"
EndProject
Project("{9A19103F-16F7-4668-BE54-9A1E7A4F7556}") = "Ordering.Application", "Services\Ordering\Ordering.Application\Ordering.Application\Ordering.Application.csproj", "{3F62E6B3-817C-4190-A81B-C06BC3AA318A}"
EndProject
Project("{9A19103F-16F7-4668-BE54-9A1E7A4F7556}") = "Ordering.Domain", "Services\Ordering\Ordering.Domain\Ordering.Domain\Ordering.Domain.csproj", "{03D46636-4DF9-43D9-A889-BFFC8DA8AC70}"
EndProject
Project("{9A19103F-16F7-4668-BE54-9A1E7A4F7556}") = "Ordering.Infrastructure", "Services\Ordering\Ordering.Infrastructure\Ordering.Infrastructure\Ordering.Infrastructure.csproj", "{85EA5627-8F34-4016-9FB7-F5B2D566E3BE}"
EndProject
Project("{E53339B2-1760-4266-BCC7-CA923CBCF16C}") = "docker-compose", "docker-compose.dcproj", "{4267E137-90CB-4926-88CE-A77A8BF33788}"
EndProject
Project("{9A19103F-16F7-4668-BE54-9A1E7A4F7556}") = "BuildingBlocks.Messaging", "BuildingBlocks\BuildingBlocks.Messaging\BuildingBlocks.Messaging.csproj", "{67E8AA16-D7CB-496A-8954-28B53BC0BCB9}"
EndProject
Project("{2150E333-8FDC-42A3-9474-1A3956D46DE8}") = "ApiGateways", "ApiGateways", "{56E7EFB0-8118-41A5-ABC4-3A5DA23A6F90}"
EndProject
Project("{9A19103F-16F7-4668-BE54-9A1E7A4F7556}") = "YarpApiGateway", "ApiGateways\YarpApiGateway\YarpApiGateway.csproj", "{EC49CFE2-9C2E-48B9-906C-8D92A5E4FBB6}"
EndProject
Project("{2150E333-8FDC-42A3-9474-1A3956D46DE8}") = "WebApps", "WebApps", "{F49546E4-BE20-4F89-9BD8-2E5287B90A96}"
EndProject
Project("{9A19103F-16F7-4668-BE54-9A1E7A4F7556}") = "Shopping.Web", "WebApps\Shopping.Web\Shopping.Web.csproj", "{A72020B4-E03C-4AE6-8349-B98B23511488}"
EndProject
Global
	GlobalSection(SolutionConfigurationPlatforms) = preSolution
		Debug|Any CPU = Debug|Any CPU
		Release|Any CPU = Release|Any CPU
	EndGlobalSection
	GlobalSection(ProjectConfigurationPlatforms) = postSolution
		{1DF956FA-478E-406F-80E3-7C3445BCECFE}.Debug|Any CPU.ActiveCfg = Debug|Any CPU
		{1DF956FA-478E-406F-80E3-7C3445BCECFE}.Debug|Any CPU.Build.0 = Debug|Any CPU
		{1DF956FA-478E-406F-80E3-7C3445BCECFE}.Release|Any CPU.ActiveCfg = Release|Any CPU
		{1DF956FA-478E-406F-80E3-7C3445BCECFE}.Release|Any CPU.Build.0 = Release|Any CPU
		{7C666AAA-4902-4FE3-A0DC-C6BD0DC2454B}.Debug|Any CPU.ActiveCfg = Debug|Any CPU
		{7C666AAA-4902-4FE3-A0DC-C6BD0DC2454B}.Debug|Any CPU.Build.0 = Debug|Any CPU
		{7C666AAA-4902-4FE3-A0DC-C6BD0DC2454B}.Release|Any CPU.ActiveCfg = Release|Any CPU
		{7C666AAA-4902-4FE3-A0DC-C6BD0DC2454B}.Release|Any CPU.Build.0 = Release|Any CPU
		{3230EC0D-BB87-45B8-8D3C-32081BDD7913}.Debug|Any CPU.ActiveCfg = Debug|Any CPU
		{3230EC0D-BB87-45B8-8D3C-32081BDD7913}.Debug|Any CPU.Build.0 = Debug|Any CPU
		{3230EC0D-BB87-45B8-8D3C-32081BDD7913}.Release|Any CPU.ActiveCfg = Release|Any CPU
		{3230EC0D-BB87-45B8-8D3C-32081BDD7913}.Release|Any CPU.Build.0 = Release|Any CPU
		{6C48662A-32A2-4C11-8718-C9C641430B49}.Debug|Any CPU.ActiveCfg = Debug|Any CPU
		{6C48662A-32A2-4C11-8718-C9C641430B49}.Debug|Any CPU.Build.0 = Debug|Any CPU
		{6C48662A-32A2-4C11-8718-C9C641430B49}.Release|Any CPU.ActiveCfg = Release|Any CPU
		{6C48662A-32A2-4C11-8718-C9C641430B49}.Release|Any CPU.Build.0 = Release|Any CPU
		{5E2C650F-5804-4F54-927B-B788E74DCCBF}.Debug|Any CPU.ActiveCfg = Debug|Any CPU
		{5E2C650F-5804-4F54-927B-B788E74DCCBF}.Debug|Any CPU.Build.0 = Debug|Any CPU
		{5E2C650F-5804-4F54-927B-B788E74DCCBF}.Release|Any CPU.ActiveCfg = Release|Any CPU
		{5E2C650F-5804-4F54-927B-B788E74DCCBF}.Release|Any CPU.Build.0 = Release|Any CPU
		{3F62E6B3-817C-4190-A81B-C06BC3AA318A}.Debug|Any CPU.ActiveCfg = Debug|Any CPU
		{3F62E6B3-817C-4190-A81B-C06BC3AA318A}.Debug|Any CPU.Build.0 = Debug|Any CPU
		{3F62E6B3-817C-4190-A81B-C06BC3AA318A}.Release|Any CPU.ActiveCfg = Release|Any CPU
		{3F62E6B3-817C-4190-A81B-C06BC3AA318A}.Release|Any CPU.Build.0 = Release|Any CPU
		{03D46636-4DF9-43D9-A889-BFFC8DA8AC70}.Debug|Any CPU.ActiveCfg = Debug|Any CPU
		{03D46636-4DF9-43D9-A889-BFFC8DA8AC70}.Debug|Any CPU.Build.0 = Debug|Any CPU
		{03D46636-4DF9-43D9-A889-BFFC8DA8AC70}.Release|Any CPU.ActiveCfg = Release|Any CPU
		{03D46636-4DF9-43D9-A889-BFFC8DA8AC70}.Release|Any CPU.Build.0 = Release|Any CPU
		{85EA5627-8F34-4016-9FB7-F5B2D566E3BE}.Debug|Any CPU.ActiveCfg = Debug|Any CPU
		{85EA5627-8F34-4016-9FB7-F5B2D566E3BE}.Debug|Any CPU.Build.0 = Debug|Any CPU
		{85EA5627-8F34-4016-9FB7-F5B2D566E3BE}.Release|Any CPU.ActiveCfg = Release|Any CPU
		{85EA5627-8F34-4016-9FB7-F5B2D566E3BE}.Release|Any CPU.Build.0 = Release|Any CPU
		{4267E137-90CB-4926-88CE-A77A8BF33788}.Debug|Any CPU.ActiveCfg = Debug|Any CPU
		{4267E137-90CB-4926-88CE-A77A8BF33788}.Debug|Any CPU.Build.0 = Debug|Any CPU
		{4267E137-90CB-4926-88CE-A77A8BF33788}.Release|Any CPU.ActiveCfg = Release|Any CPU
		{4267E137-90CB-4926-88CE-A77A8BF33788}.Release|Any CPU.Build.0 = Release|Any CPU
		{67E8AA16-D7CB-496A-8954-28B53BC0BCB9}.Debug|Any CPU.ActiveCfg = Debug|Any CPU
		{67E8AA16-D7CB-496A-8954-28B53BC0BCB9}.Debug|Any CPU.Build.0 = Debug|Any CPU
		{67E8AA16-D7CB-496A-8954-28B53BC0BCB9}.Release|Any CPU.ActiveCfg = Release|Any CPU
		{67E8AA16-D7CB-496A-8954-28B53BC0BCB9}.Release|Any CPU.Build.0 = Release|Any CPU
		{EC49CFE2-9C2E-48B9-906C-8D92A5E4FBB6}.Debug|Any CPU.ActiveCfg = Debug|Any CPU
		{EC49CFE2-9C2E-48B9-906C-8D92A5E4FBB6}.Debug|Any CPU.Build.0 = Debug|Any CPU
		{EC49CFE2-9C2E-48B9-906C-8D92A5E4FBB6}.Release|Any CPU.ActiveCfg = Release|Any CPU
		{EC49CFE2-9C2E-48B9-906C-8D92A5E4FBB6}.Release|Any CPU.Build.0 = Release|Any CPU
		{A72020B4-E03C-4AE6-8349-B98B23511488}.Debug|Any CPU.ActiveCfg = Debug|Any CPU
		{A72020B4-E03C-4AE6-8349-B98B23511488}.Debug|Any CPU.Build.0 = Debug|Any CPU
		{A72020B4-E03C-4AE6-8349-B98B23511488}.Release|Any CPU.ActiveCfg = Release|Any CPU
		{A72020B4-E03C-4AE6-8349-B98B23511488}.Release|Any CPU.Build.0 = Release|Any CPU
	EndGlobalSection
	GlobalSection(SolutionProperties) = preSolution
		HideSolutionNode = FALSE
	EndGlobalSection
	GlobalSection(NestedProjects) = preSolution
		{8BFA8360-87B1-47CB-B8A0-3889F56A2B7C} = {2B3FEF9D-3043-456D-A6BB-552E705498AB}
		{1DF956FA-478E-406F-80E3-7C3445BCECFE} = {8BFA8360-87B1-47CB-B8A0-3889F56A2B7C}
		{7C666AAA-4902-4FE3-A0DC-C6BD0DC2454B} = {1E7C7A89-FE92-414A-B743-B4E71E516E9A}
		{80A96499-262C-4381-824C-058CD86F71FD} = {2B3FEF9D-3043-456D-A6BB-552E705498AB}
		{3230EC0D-BB87-45B8-8D3C-32081BDD7913} = {80A96499-262C-4381-824C-058CD86F71FD}
		{31A586F6-90B9-49E4-9500-DA5BEC41BE45} = {2B3FEF9D-3043-456D-A6BB-552E705498AB}
		{6C48662A-32A2-4C11-8718-C9C641430B49} = {31A586F6-90B9-49E4-9500-DA5BEC41BE45}
		{D346A173-AF65-47D3-B861-96DB0CBCC52D} = {2B3FEF9D-3043-456D-A6BB-552E705498AB}
		{5E2C650F-5804-4F54-927B-B788E74DCCBF} = {D346A173-AF65-47D3-B861-96DB0CBCC52D}
		{3F62E6B3-817C-4190-A81B-C06BC3AA318A} = {D346A173-AF65-47D3-B861-96DB0CBCC52D}
		{03D46636-4DF9-43D9-A889-BFFC8DA8AC70} = {D346A173-AF65-47D3-B861-96DB0CBCC52D}
		{85EA5627-8F34-4016-9FB7-F5B2D566E3BE} = {D346A173-AF65-47D3-B861-96DB0CBCC52D}
		{67E8AA16-D7CB-496A-8954-28B53BC0BCB9} = {1E7C7A89-FE92-414A-B743-B4E71E516E9A}
		{EC49CFE2-9C2E-48B9-906C-8D92A5E4FBB6} = {56E7EFB0-8118-41A5-ABC4-3A5DA23A6F90}
		{A72020B4-E03C-4AE6-8349-B98B23511488} = {F49546E4-BE20-4F89-9BD8-2E5287B90A96}
	EndGlobalSection
	GlobalSection(ExtensibilityGlobals) = postSolution
		SolutionGuid = {22B68151-F615-45F7-B667-F645CDFD5C7A}
	EndGlobalSection
EndGlobal
